
Microsoft Visual Studio Solution File, Format Version 12.00
# Visual Studio 15
VisualStudioVersion = 15.0.28307.489
MinimumVisualStudioVersion = 10.0.40219.1
Project("{FAE04EC0-301F-11D3-BF4B-00C04F79EFBC}") = "NET1.S.2019.Chemrukova.23-24", "NET1.S.2019.Chemrukova.23-24\NET1.S.2019.Chemrukova.23-24.csproj", "{24C1D44D-E138-413F-87BF-F4483ED608EC}"
EndProject
Global
	GlobalSection(SolutionConfigurationPlatforms) = preSolution
		Debug|Any CPU = Debug|Any CPU
		Release|Any CPU = Release|Any CPU
	EndGlobalSection
	GlobalSection(ProjectConfigurationPlatforms) = postSolution
		{24C1D44D-E138-413F-87BF-F4483ED608EC}.Debug|Any CPU.ActiveCfg = Debug|Any CPU
		{24C1D44D-E138-413F-87BF-F4483ED608EC}.Debug|Any CPU.Build.0 = Debug|Any CPU
		{24C1D44D-E138-413F-87BF-F4483ED608EC}.Release|Any CPU.ActiveCfg = Release|Any CPU
		{24C1D44D-E138-413F-87BF-F4483ED608EC}.Release|Any CPU.Build.0 = Release|Any CPU
	EndGlobalSection
	GlobalSection(SolutionProperties) = preSolution
		HideSolutionNode = FALSE
	EndGlobalSection
	GlobalSection(ExtensibilityGlobals) = postSolution
		SolutionGuid = {8D87EF79-F84A-4C39-B1D8-CE5BFEB763B9}
	EndGlobalSection
EndGlobal
